PATH
  remote: .
  specs:
    little_graphs (1.0.1)
      quick_magick

GEM
  remote: http://rubygems.org/
  specs:
    diff-lcs (1.1.3)
    quick_magick (0.8.0)
    rspec (2.11.0)
      rspec-core (~> 2.11.0)
      rspec-expectations (~> 2.11.0)
      rspec-mocks (~> 2.11.0)
    rspec-core (2.11.1)
    rspec-expectations (2.11.3)
      diff-lcs (~> 1.1.3)
    rspec-mocks (2.11.3)

PLATFORMS
  ruby

DEPENDENCIES
  little_graphs!
  rspec
